
Microsoft Visual Studio Solution File, Format Version 12.00
# Visual Studio 14
VisualStudioVersion = 14.0.25420.1
MinimumVisualStudioVersion = 10.0.40219.1
Project("{FAE04EC0-301F-11D3-BF4B-00C04F79EFBC}") = "DbMonitor", "DbMonitor\DbMonitor.csproj", "{4B5A81BE-29FA-401A-BA9D-E37A411D00B1}"
EndProject
Project("{FAE04EC0-301F-11D3-BF4B-00C04F79EFBC}") = "DbMonitor.Domain", "DbMonitor.Domain\DbMonitor.Domain.csproj", "{DCD1801B-37CA-4B49-933B-EA76DEB8167E}"
EndProject
Project("{FAE04EC0-301F-11D3-BF4B-00C04F79EFBC}") = "DbMonitor.WebUI", "DbMonitor.WebUI\DbMonitor.WebUI.csproj", "{F4625462-8288-4204-9FEB-FB2DC6025D91}"
EndProject
Global
	GlobalSection(SolutionConfigurationPlatforms) = preSolution
		Debug|Any CPU = Debug|Any CPU
		Release|Any CPU = Release|Any CPU
	EndGlobalSection
	GlobalSection(ProjectConfigurationPlatforms) = postSolution
		{4B5A81BE-29FA-401A-BA9D-E37A411D00B1}.Debug|Any CPU.ActiveCfg = Debug|Any CPU
		{4B5A81BE-29FA-401A-BA9D-E37A411D00B1}.Debug|Any CPU.Build.0 = Debug|Any CPU
		{4B5A81BE-29FA-401A-BA9D-E37A411D00B1}.Release|Any CPU.ActiveCfg = Release|Any CPU
		{4B5A81BE-29FA-401A-BA9D-E37A411D00B1}.Release|Any CPU.Build.0 = Release|Any CPU
		{DCD1801B-37CA-4B49-933B-EA76DEB8167E}.Debug|Any CPU.ActiveCfg = Debug|Any CPU
		{DCD1801B-37CA-4B49-933B-EA76DEB8167E}.Debug|Any CPU.Build.0 = Debug|Any CPU
		{DCD1801B-37CA-4B49-933B-EA76DEB8167E}.Release|Any CPU.ActiveCfg = Release|Any CPU
		{DCD1801B-37CA-4B49-933B-EA76DEB8167E}.Release|Any CPU.Build.0 = Release|Any CPU
		{F4625462-8288-4204-9FEB-FB2DC6025D91}.Debug|Any CPU.ActiveCfg = Debug|Any CPU
		{F4625462-8288-4204-9FEB-FB2DC6025D91}.Debug|Any CPU.Build.0 = Debug|Any CPU
		{F4625462-8288-4204-9FEB-FB2DC6025D91}.Release|Any CPU.ActiveCfg = Release|Any CPU
		{F4625462-8288-4204-9FEB-FB2DC6025D91}.Release|Any CPU.Build.0 = Release|Any CPU
	EndGlobalSection
	GlobalSection(SolutionProperties) = preSolution
		HideSolutionNode = FALSE
	EndGlobalSection
EndGlobal
